
Microsoft Visual Studio Solution File, Format Version 12.00
# Visual Studio Version 16
VisualStudioVersion = 16.0.30621.155
MinimumVisualStudioVersion = 10.0.40219.1
Project("{9A19103F-16F7-4668-BE54-9A1E7A4F7556}") = "ContosoUniversity1", "ContosoUniversity1.csproj", "{ABB37F54-C028-47BC-96A2-26E78415C17A}"
EndProject
Global
	GlobalSection(SolutionConfigurationPlatforms) = preSolution
		Debug|Any CPU = Debug|Any CPU
		Release|Any CPU = Release|Any CPU
	EndGlobalSection
	GlobalSection(ProjectConfigurationPlatforms) = postSolution
		{ABB37F54-C028-47BC-96A2-26E78415C17A}.Debug|Any CPU.ActiveCfg = Debug|Any CPU
		{ABB37F54-C028-47BC-96A2-26E78415C17A}.Debug|Any CPU.Build.0 = Debug|Any CPU
		{ABB37F54-C028-47BC-96A2-26E78415C17A}.Release|Any CPU.ActiveCfg = Release|Any CPU
		{ABB37F54-C028-47BC-96A2-26E78415C17A}.Release|Any CPU.Build.0 = Release|Any CPU
	EndGlobalSection
	GlobalSection(SolutionProperties) = preSolution
		HideSolutionNode = FALSE
	EndGlobalSection
	GlobalSection(ExtensibilityGlobals) = postSolution
		SolutionGuid = {56FF8AB0-FB97-4338-8C0D-F898EA62AADA}
	EndGlobalSection
EndGlobal
