
Microsoft Visual Studio Solution File, Format Version 12.00
# Visual Studio Version 16
VisualStudioVersion = 16.0.30523.141
MinimumVisualStudioVersion = 10.0.40219.1
Project("{FAE04EC0-301F-11D3-BF4B-00C04F79EFBC}") = "ScriptureJournal", "ScriptureJournal.csproj", "{96FA4899-47A4-4621-B3DD-F77E9A6DCC3B}"
EndProject
Global
	GlobalSection(SolutionConfigurationPlatforms) = preSolution
		Debug|Any CPU = Debug|Any CPU
		Release|Any CPU = Release|Any CPU
	EndGlobalSection
	GlobalSection(ProjectConfigurationPlatforms) = postSolution
		{96FA4899-47A4-4621-B3DD-F77E9A6DCC3B}.Debug|Any CPU.ActiveCfg = Debug|Any CPU
		{96FA4899-47A4-4621-B3DD-F77E9A6DCC3B}.Debug|Any CPU.Build.0 = Debug|Any CPU
		{96FA4899-47A4-4621-B3DD-F77E9A6DCC3B}.Release|Any CPU.ActiveCfg = Release|Any CPU
		{96FA4899-47A4-4621-B3DD-F77E9A6DCC3B}.Release|Any CPU.Build.0 = Release|Any CPU
	EndGlobalSection
	GlobalSection(SolutionProperties) = preSolution
		HideSolutionNode = FALSE
	EndGlobalSection
	GlobalSection(ExtensibilityGlobals) = postSolution
		SolutionGuid = {0895177E-98F1-4598-AAC5-6CEC17DFEB97}
	EndGlobalSection
EndGlobal
