
Microsoft Visual Studio Solution File, Format Version 12.00
# Visual Studio Version 16
VisualStudioVersion = 16.0.808.3
MinimumVisualStudioVersion = 10.0.40219.1
Project("{FAE04EC0-301F-11D3-BF4B-00C04F79EFBC}") = "Notes.Android", "Notes.Android\Notes.Android.csproj", "{B54C4A37-9E55-423E-B489-DB9FD466CA96}"
EndProject
Project("{FAE04EC0-301F-11D3-BF4B-00C04F79EFBC}") = "Notes.iOS", "Notes.iOS\Notes.iOS.csproj", "{375B2DB1-7B9B-4B58-A44B-1D57925A5586}"
EndProject
Project("{FAE04EC0-301F-11D3-BF4B-00C04F79EFBC}") = "Notes", "Notes\Notes.csproj", "{5D249A2C-4397-4D1C-8138-C87B4B728C0F}"
EndProject
Global
	GlobalSection(SolutionConfigurationPlatforms) = preSolution
		Debug|Any CPU = Debug|Any CPU
		Release|Any CPU = Release|Any CPU
		Debug|iPhoneSimulator = Debug|iPhoneSimulator
		Release|iPhoneSimulator = Release|iPhoneSimulator
		Debug|iPhone = Debug|iPhone
		Release|iPhone = Release|iPhone
	EndGlobalSection
	GlobalSection(ProjectConfigurationPlatforms) = postSolution
		{B54C4A37-9E55-423E-B489-DB9FD466CA96}.Debug|Any CPU.ActiveCfg = Debug|Any CPU
		{B54C4A37-9E55-423E-B489-DB9FD466CA96}.Debug|Any CPU.Build.0 = Debug|Any CPU
		{B54C4A37-9E55-423E-B489-DB9FD466CA96}.Release|Any CPU.ActiveCfg = Release|Any CPU
		{B54C4A37-9E55-423E-B489-DB9FD466CA96}.Release|Any CPU.Build.0 = Release|Any CPU
		{B54C4A37-9E55-423E-B489-DB9FD466CA96}.Debug|iPhoneSimulator.ActiveCfg = Debug|Any CPU
		{B54C4A37-9E55-423E-B489-DB9FD466CA96}.Debug|iPhoneSimulator.Build.0 = Debug|Any CPU
		{B54C4A37-9E55-423E-B489-DB9FD466CA96}.Release|iPhoneSimulator.ActiveCfg = Release|Any CPU
		{B54C4A37-9E55-423E-B489-DB9FD466CA96}.Release|iPhoneSimulator.Build.0 = Release|Any CPU
		{B54C4A37-9E55-423E-B489-DB9FD466CA96}.Debug|iPhone.ActiveCfg = Debug|Any CPU
		{B54C4A37-9E55-423E-B489-DB9FD466CA96}.Debug|iPhone.Build.0 = Debug|Any CPU
		{B54C4A37-9E55-423E-B489-DB9FD466CA96}.Release|iPhone.ActiveCfg = Release|Any CPU
		{B54C4A37-9E55-423E-B489-DB9FD466CA96}.Release|iPhone.Build.0 = Release|Any CPU
		{375B2DB1-7B9B-4B58-A44B-1D57925A5586}.Debug|Any CPU.ActiveCfg = Debug|iPhoneSimulator
		{375B2DB1-7B9B-4B58-A44B-1D57925A5586}.Debug|Any CPU.Build.0 = Debug|iPhoneSimulator
		{375B2DB1-7B9B-4B58-A44B-1D57925A5586}.Release|Any CPU.ActiveCfg = Release|iPhoneSimulator
		{375B2DB1-7B9B-4B58-A44B-1D57925A5586}.Release|Any CPU.Build.0 = Release|iPhoneSimulator
		{375B2DB1-7B9B-4B58-A44B-1D57925A5586}.Debug|iPhoneSimulator.ActiveCfg = Debug|iPhoneSimulator
		{375B2DB1-7B9B-4B58-A44B-1D57925A5586}.Debug|iPhoneSimulator.Build.0 = Debug|iPhoneSimulator
		{375B2DB1-7B9B-4B58-A44B-1D57925A5586}.Release|iPhoneSimulator.ActiveCfg = Release|iPhoneSimulator
		{375B2DB1-7B9B-4B58-A44B-1D57925A5586}.Release|iPhoneSimulator.Build.0 = Release|iPhoneSimulator
		{375B2DB1-7B9B-4B58-A44B-1D57925A5586}.Debug|iPhone.ActiveCfg = Debug|iPhone
		{375B2DB1-7B9B-4B58-A44B-1D57925A5586}.Debug|iPhone.Build.0 = Debug|iPhone
		{375B2DB1-7B9B-4B58-A44B-1D57925A5586}.Release|iPhone.ActiveCfg = Release|iPhone
		{375B2DB1-7B9B-4B58-A44B-1D57925A5586}.Release|iPhone.Build.0 = Release|iPhone
		{5D249A2C-4397-4D1C-8138-C87B4B728C0F}.Debug|Any CPU.ActiveCfg = Debug|Any CPU
		{5D249A2C-4397-4D1C-8138-C87B4B728C0F}.Debug|Any CPU.Build.0 = Debug|Any CPU
		{5D249A2C-4397-4D1C-8138-C87B4B728C0F}.Release|Any CPU.ActiveCfg = Release|Any CPU
		{5D249A2C-4397-4D1C-8138-C87B4B728C0F}.Release|Any CPU.Build.0 = Release|Any CPU
		{5D249A2C-4397-4D1C-8138-C87B4B728C0F}.Debug|iPhoneSimulator.ActiveCfg = Debug|Any CPU
		{5D249A2C-4397-4D1C-8138-C87B4B728C0F}.Debug|iPhoneSimulator.Build.0 = Debug|Any CPU
		{5D249A2C-4397-4D1C-8138-C87B4B728C0F}.Release|iPhoneSimulator.ActiveCfg = Release|Any CPU
		{5D249A2C-4397-4D1C-8138-C87B4B728C0F}.Release|iPhoneSimulator.Build.0 = Release|Any CPU
		{5D249A2C-4397-4D1C-8138-C87B4B728C0F}.Debug|iPhone.ActiveCfg = Debug|Any CPU
		{5D249A2C-4397-4D1C-8138-C87B4B728C0F}.Debug|iPhone.Build.0 = Debug|Any CPU
		{5D249A2C-4397-4D1C-8138-C87B4B728C0F}.Release|iPhone.ActiveCfg = Release|Any CPU
		{5D249A2C-4397-4D1C-8138-C87B4B728C0F}.Release|iPhone.Build.0 = Release|Any CPU
	EndGlobalSection
	GlobalSection(SolutionProperties) = preSolution
		HideSolutionNode = FALSE
	EndGlobalSection
	GlobalSection(ExtensibilityGlobals) = postSolution
		SolutionGuid = {3068A6CE-2F51-4B8A-8116-78BB918C5323}
	EndGlobalSection
EndGlobal
